
Microsoft Visual Studio Solution File, Format Version 12.00
# Visual Studio 2013
VisualStudioVersion = 12.0.30110.0
MinimumVisualStudioVersion = 10.0.40219.1
Project("{FAE04EC0-301F-11D3-BF4B-00C04F79EFBC}") = "MyNotebook", "MyNotebook\MyNotebook.csproj", "{0BC65858-FB9D-47BD-A7E0-AD74E346946C}"
EndProject
Project("{FAE04EC0-301F-11D3-BF4B-00C04F79EFBC}") = "MyNotebookViewModels", "MyNotebookViewModels\MyNotebookViewModels.csproj", "{4D5D57E7-A3A4-458F-903C-2A43DC24B542}"
EndProject
Project("{FAE04EC0-301F-11D3-BF4B-00C04F79EFBC}") = "MyNotebookModels", "MyNotebookModels\MyNotebookModels.csproj", "{1703EA7A-A2A6-4609-8E81-3DFCEA9151D7}"
EndProject
Project("{FAE04EC0-301F-11D3-BF4B-00C04F79EFBC}") = "MyNotebookUtility", "MyNotebookUtility\MyNotebookUtility.csproj", "{754C2BA6-DA96-4A79-BF52-8126233B82F9}"
EndProject
Project("{FAE04EC0-301F-11D3-BF4B-00C04F79EFBC}") = "MyNotebookUnitTest", "MyNotebookUnitTest\MyNotebookUnitTest.csproj", "{5A21D682-52B2-412A-88A7-98760CAAED26}"
EndProject
Project("{F088123C-0E9E-452A-89E6-6BA2F21D5CAC}") = "MyNotebookModeling", "MyNotebookModeling\MyNotebookModeling.modelproj", "{86B9D053-362B-429E-9799-3CC83B14F664}"
EndProject
Global
	GlobalSection(SolutionConfigurationPlatforms) = preSolution
		Debug|Any CPU = Debug|Any CPU
		Debug|ARM = Debug|ARM
		Debug|Mixed Platforms = Debug|Mixed Platforms
		Debug|x86 = Debug|x86
		Release|Any CPU = Release|Any CPU
		Release|ARM = Release|ARM
		Release|Mixed Platforms = Release|Mixed Platforms
		Release|x86 = Release|x86
	EndGlobalSection
	GlobalSection(ProjectConfigurationPlatforms) = postSolution
		{0BC65858-FB9D-47BD-A7E0-AD74E346946C}.Debug|Any CPU.ActiveCfg = Debug|Any CPU
		{0BC65858-FB9D-47BD-A7E0-AD74E346946C}.Debug|Any CPU.Build.0 = Debug|Any CPU
		{0BC65858-FB9D-47BD-A7E0-AD74E346946C}.Debug|Any CPU.Deploy.0 = Debug|Any CPU
		{0BC65858-FB9D-47BD-A7E0-AD74E346946C}.Debug|ARM.ActiveCfg = Debug|ARM
		{0BC65858-FB9D-47BD-A7E0-AD74E346946C}.Debug|ARM.Build.0 = Debug|ARM
		{0BC65858-FB9D-47BD-A7E0-AD74E346946C}.Debug|ARM.Deploy.0 = Debug|ARM
		{0BC65858-FB9D-47BD-A7E0-AD74E346946C}.Debug|Mixed Platforms.ActiveCfg = Debug|x86
		{0BC65858-FB9D-47BD-A7E0-AD74E346946C}.Debug|Mixed Platforms.Build.0 = Debug|x86
		{0BC65858-FB9D-47BD-A7E0-AD74E346946C}.Debug|Mixed Platforms.Deploy.0 = Debug|x86
		{0BC65858-FB9D-47BD-A7E0-AD74E346946C}.Debug|x86.ActiveCfg = Debug|x86
		{0BC65858-FB9D-47BD-A7E0-AD74E346946C}.Debug|x86.Build.0 = Debug|x86
		{0BC65858-FB9D-47BD-A7E0-AD74E346946C}.Debug|x86.Deploy.0 = Debug|x86
		{0BC65858-FB9D-47BD-A7E0-AD74E346946C}.Release|Any CPU.ActiveCfg = Release|Any CPU
		{0BC65858-FB9D-47BD-A7E0-AD74E346946C}.Release|Any CPU.Build.0 = Release|Any CPU
		{0BC65858-FB9D-47BD-A7E0-AD74E346946C}.Release|Any CPU.Deploy.0 = Release|Any CPU
		{0BC65858-FB9D-47BD-A7E0-AD74E346946C}.Release|ARM.ActiveCfg = Release|ARM
		{0BC65858-FB9D-47BD-A7E0-AD74E346946C}.Release|ARM.Build.0 = Release|ARM
		{0BC65858-FB9D-47BD-A7E0-AD74E346946C}.Release|ARM.Deploy.0 = Release|ARM
		{0BC65858-FB9D-47BD-A7E0-AD74E346946C}.Release|Mixed Platforms.ActiveCfg = Release|x86
		{0BC65858-FB9D-47BD-A7E0-AD74E346946C}.Release|Mixed Platforms.Build.0 = Release|x86
		{0BC65858-FB9D-47BD-A7E0-AD74E346946C}.Release|Mixed Platforms.Deploy.0 = Release|x86
		{0BC65858-FB9D-47BD-A7E0-AD74E346946C}.Release|x86.ActiveCfg = Release|x86
		{0BC65858-FB9D-47BD-A7E0-AD74E346946C}.Release|x86.Build.0 = Release|x86
		{0BC65858-FB9D-47BD-A7E0-AD74E346946C}.Release|x86.Deploy.0 = Release|x86
		{4D5D57E7-A3A4-458F-903C-2A43DC24B542}.Debug|Any CPU.ActiveCfg = Debug|Any CPU
		{4D5D57E7-A3A4-458F-903C-2A43DC24B542}.Debug|Any CPU.Build.0 = Debug|Any CPU
		{4D5D57E7-A3A4-458F-903C-2A43DC24B542}.Debug|ARM.ActiveCfg = Debug|ARM
		{4D5D57E7-A3A4-458F-903C-2A43DC24B542}.Debug|ARM.Build.0 = Debug|ARM
		{4D5D57E7-A3A4-458F-903C-2A43DC24B542}.Debug|Mixed Platforms.ActiveCfg = Debug|x86
		{4D5D57E7-A3A4-458F-903C-2A43DC24B542}.Debug|Mixed Platforms.Build.0 = Debug|x86
		{4D5D57E7-A3A4-458F-903C-2A43DC24B542}.Debug|x86.ActiveCfg = Debug|x86
		{4D5D57E7-A3A4-458F-903C-2A43DC24B542}.Debug|x86.Build.0 = Debug|x86
		{4D5D57E7-A3A4-458F-903C-2A43DC24B542}.Release|Any CPU.ActiveCfg = Release|Any CPU
		{4D5D57E7-A3A4-458F-903C-2A43DC24B542}.Release|Any CPU.Build.0 = Release|Any CPU
		{4D5D57E7-A3A4-458F-903C-2A43DC24B542}.Release|ARM.ActiveCfg = Release|ARM
		{4D5D57E7-A3A4-458F-903C-2A43DC24B542}.Release|ARM.Build.0 = Release|ARM
		{4D5D57E7-A3A4-458F-903C-2A43DC24B542}.Release|Mixed Platforms.ActiveCfg = Release|x86
		{4D5D57E7-A3A4-458F-903C-2A43DC24B542}.Release|Mixed Platforms.Build.0 = Release|x86
		{4D5D57E7-A3A4-458F-903C-2A43DC24B542}.Release|x86.ActiveCfg = Release|x86
		{4D5D57E7-A3A4-458F-903C-2A43DC24B542}.Release|x86.Build.0 = Release|x86
		{1703EA7A-A2A6-4609-8E81-3DFCEA9151D7}.Debug|Any CPU.ActiveCfg = Debug|Any CPU
		{1703EA7A-A2A6-4609-8E81-3DFCEA9151D7}.Debug|Any CPU.Build.0 = Debug|Any CPU
		{1703EA7A-A2A6-4609-8E81-3DFCEA9151D7}.Debug|ARM.ActiveCfg = Debug|ARM
		{1703EA7A-A2A6-4609-8E81-3DFCEA9151D7}.Debug|ARM.Build.0 = Debug|ARM
		{1703EA7A-A2A6-4609-8E81-3DFCEA9151D7}.Debug|Mixed Platforms.ActiveCfg = Debug|x86
		{1703EA7A-A2A6-4609-8E81-3DFCEA9151D7}.Debug|Mixed Platforms.Build.0 = Debug|x86
		{1703EA7A-A2A6-4609-8E81-3DFCEA9151D7}.Debug|x86.ActiveCfg = Debug|x86
		{1703EA7A-A2A6-4609-8E81-3DFCEA9151D7}.Debug|x86.Build.0 = Debug|x86
		{1703EA7A-A2A6-4609-8E81-3DFCEA9151D7}.Release|Any CPU.ActiveCfg = Release|Any CPU
		{1703EA7A-A2A6-4609-8E81-3DFCEA9151D7}.Release|Any CPU.Build.0 = Release|Any CPU
		{1703EA7A-A2A6-4609-8E81-3DFCEA9151D7}.Release|ARM.ActiveCfg = Release|ARM
		{1703EA7A-A2A6-4609-8E81-3DFCEA9151D7}.Release|ARM.Build.0 = Release|ARM
		{1703EA7A-A2A6-4609-8E81-3DFCEA9151D7}.Release|Mixed Platforms.ActiveCfg = Release|x86
		{1703EA7A-A2A6-4609-8E81-3DFCEA9151D7}.Release|Mixed Platforms.Build.0 = Release|x86
		{1703EA7A-A2A6-4609-8E81-3DFCEA9151D7}.Release|x86.ActiveCfg = Release|x86
		{1703EA7A-A2A6-4609-8E81-3DFCEA9151D7}.Release|x86.Build.0 = Release|x86
		{754C2BA6-DA96-4A79-BF52-8126233B82F9}.Debug|Any CPU.ActiveCfg = Debug|Any CPU
		{754C2BA6-DA96-4A79-BF52-8126233B82F9}.Debug|Any CPU.Build.0 = Debug|Any CPU
		{754C2BA6-DA96-4A79-BF52-8126233B82F9}.Debug|ARM.ActiveCfg = Debug|ARM
		{754C2BA6-DA96-4A79-BF52-8126233B82F9}.Debug|ARM.Build.0 = Debug|ARM
		{754C2BA6-DA96-4A79-BF52-8126233B82F9}.Debug|Mixed Platforms.ActiveCfg = Debug|x86
		{754C2BA6-DA96-4A79-BF52-8126233B82F9}.Debug|Mixed Platforms.Build.0 = Debug|x86
		{754C2BA6-DA96-4A79-BF52-8126233B82F9}.Debug|x86.ActiveCfg = Debug|x86
		{754C2BA6-DA96-4A79-BF52-8126233B82F9}.Debug|x86.Build.0 = Debug|x86
		{754C2BA6-DA96-4A79-BF52-8126233B82F9}.Release|Any CPU.ActiveCfg = Release|Any CPU
		{754C2BA6-DA96-4A79-BF52-8126233B82F9}.Release|Any CPU.Build.0 = Release|Any CPU
		{754C2BA6-DA96-4A79-BF52-8126233B82F9}.Release|ARM.ActiveCfg = Release|ARM
		{754C2BA6-DA96-4A79-BF52-8126233B82F9}.Release|ARM.Build.0 = Release|ARM
		{754C2BA6-DA96-4A79-BF52-8126233B82F9}.Release|Mixed Platforms.ActiveCfg = Release|x86
		{754C2BA6-DA96-4A79-BF52-8126233B82F9}.Release|Mixed Platforms.Build.0 = Release|x86
		{754C2BA6-DA96-4A79-BF52-8126233B82F9}.Release|x86.ActiveCfg = Release|x86
		{754C2BA6-DA96-4A79-BF52-8126233B82F9}.Release|x86.Build.0 = Release|x86
		{5A21D682-52B2-412A-88A7-98760CAAED26}.Debug|Any CPU.ActiveCfg = Debug|x86
		{5A21D682-52B2-412A-88A7-98760CAAED26}.Debug|ARM.ActiveCfg = Debug|ARM
		{5A21D682-52B2-412A-88A7-98760CAAED26}.Debug|ARM.Build.0 = Debug|ARM
		{5A21D682-52B2-412A-88A7-98760CAAED26}.Debug|ARM.Deploy.0 = Debug|ARM
		{5A21D682-52B2-412A-88A7-98760CAAED26}.Debug|Mixed Platforms.ActiveCfg = Debug|x86
		{5A21D682-52B2-412A-88A7-98760CAAED26}.Debug|Mixed Platforms.Build.0 = Debug|x86
		{5A21D682-52B2-412A-88A7-98760CAAED26}.Debug|Mixed Platforms.Deploy.0 = Debug|x86
		{5A21D682-52B2-412A-88A7-98760CAAED26}.Debug|x86.ActiveCfg = Debug|x86
		{5A21D682-52B2-412A-88A7-98760CAAED26}.Debug|x86.Build.0 = Debug|x86
		{5A21D682-52B2-412A-88A7-98760CAAED26}.Debug|x86.Deploy.0 = Debug|x86
		{5A21D682-52B2-412A-88A7-98760CAAED26}.Release|Any CPU.ActiveCfg = Release|x86
		{5A21D682-52B2-412A-88A7-98760CAAED26}.Release|ARM.ActiveCfg = Release|ARM
		{5A21D682-52B2-412A-88A7-98760CAAED26}.Release|ARM.Build.0 = Release|ARM
		{5A21D682-52B2-412A-88A7-98760CAAED26}.Release|ARM.Deploy.0 = Release|ARM
		{5A21D682-52B2-412A-88A7-98760CAAED26}.Release|Mixed Platforms.ActiveCfg = Release|x86
		{5A21D682-52B2-412A-88A7-98760CAAED26}.Release|Mixed Platforms.Build.0 = Release|x86
		{5A21D682-52B2-412A-88A7-98760CAAED26}.Release|Mixed Platforms.Deploy.0 = Release|x86
		{5A21D682-52B2-412A-88A7-98760CAAED26}.Release|x86.ActiveCfg = Release|x86
		{5A21D682-52B2-412A-88A7-98760CAAED26}.Release|x86.Build.0 = Release|x86
		{5A21D682-52B2-412A-88A7-98760CAAED26}.Release|x86.Deploy.0 = Release|x86
		{86B9D053-362B-429E-9799-3CC83B14F664}.Debug|Any CPU.ActiveCfg = Debug|Any CPU
		{86B9D053-362B-429E-9799-3CC83B14F664}.Debug|Any CPU.Build.0 = Debug|Any CPU
		{86B9D053-362B-429E-9799-3CC83B14F664}.Debug|ARM.ActiveCfg = Debug|Any CPU
		{86B9D053-362B-429E-9799-3CC83B14F664}.Debug|Mixed Platforms.ActiveCfg = Debug|Any CPU
		{86B9D053-362B-429E-9799-3CC83B14F664}.Debug|Mixed Platforms.Build.0 = Debug|Any CPU
		{86B9D053-362B-429E-9799-3CC83B14F664}.Debug|x86.ActiveCfg = Debug|Any CPU
		{86B9D053-362B-429E-9799-3CC83B14F664}.Release|Any CPU.ActiveCfg = Release|Any CPU
		{86B9D053-362B-429E-9799-3CC83B14F664}.Release|Any CPU.Build.0 = Release|Any CPU
		{86B9D053-362B-429E-9799-3CC83B14F664}.Release|ARM.ActiveCfg = Release|Any CPU
		{86B9D053-362B-429E-9799-3CC83B14F664}.Release|Mixed Platforms.ActiveCfg = Release|Any CPU
		{86B9D053-362B-429E-9799-3CC83B14F664}.Release|Mixed Platforms.Build.0 = Release|Any CPU
		{86B9D053-362B-429E-9799-3CC83B14F664}.Release|x86.ActiveCfg = Release|Any CPU
	EndGlobalSection
	GlobalSection(SolutionProperties) = preSolution
		HideSolutionNode = FALSE
	EndGlobalSection
EndGlobal
